// !$*UTF8*$!
{
	archiveVersion = 1;
	classes = {
	};
	objectVersion = 51;
	objects = {

/* Begin PBXBuildFile section */
		2CD93111B84D8A111CE59E6C /* Pods_MMAAPP.framework in Frameworks */ = {isa = PBXBuildFile; fileRef = D1F58287A09C5DF8DC8BE95C /* Pods_MMAAPP.framework */; };
		EB092DEF23894B5E000F5B27 /* bangkok.gpx in Resources */ = {isa = PBXBuildFile; fileRef = EB092DEE23894B5E000F5B27 /* bangkok.gpx */; };
		EB8B1E7D23892B3C002EBF8F /* MapViewController.swift in Sources */ = {isa = PBXBuildFile; fileRef = EB8B1E7C23892B3C002EBF8F /* MapViewController.swift */; };
		EB8B1E7F23892B63002EBF8F /* StreetViewController.swift in Sources */ = {isa = PBXBuildFile; fileRef = EB8B1E7E23892B63002EBF8F /* StreetViewController.swift */; };
		EB8B1E8123893692002EBF8F /* AppleMapViewController.swift in Sources */ = {isa = PBXBuildFile; fileRef = EB8B1E8023893692002EBF8F /* AppleMapViewController.swift */; };
		EB8B1E83238937C0002EBF8F /* SampleLocaiton.swift in Sources */ = {isa = PBXBuildFile; fileRef = EB8B1E82238937C0002EBF8F /* SampleLocaiton.swift */; };
		EB8B1E8823893D71002EBF8F /* InfoView.swift in Sources */ = {isa = PBXBuildFile; fileRef = EB8B1E8723893D71002EBF8F /* InfoView.swift */; };
		EB8B1E8A23893D86002EBF8F /* InfoView.xib in Resources */ = {isa = PBXBuildFile; fileRef = EB8B1E8923893D86002EBF8F /* InfoView.xib */; };
		EB8B1E8C238944DA002EBF8F /* LocationManager.swift in Sources */ = {isa = PBXBuildFile; fileRef = EB8B1E8B238944DA002EBF8F /* LocationManager.swift */; };
		EBEF475B23891A63009E30D4 /* AppDelegate.swift in Sources */ = {isa = PBXBuildFile; fileRef = EBEF475A23891A63009E30D4 /* AppDelegate.swift */; };
		EBEF475D23891A63009E30D4 /* SceneDelegate.swift in Sources */ = {isa = PBXBuildFile; fileRef = EBEF475C23891A63009E30D4 /* SceneDelegate.swift */; };
		EBEF476223891A63009E30D4 /* Main.storyboard in Resources */ = {isa = PBXBuildFile; fileRef = EBEF476023891A63009E30D4 /* Main.storyboard */; };
		EBEF476423891A68009E30D4 /* Assets.xcassets in Resources */ = {isa = PBXBuildFile; fileRef = EBEF476323891A68009E30D4 /* Assets.xcassets */; };
		EBEF476723891A68009E30D4 /* LaunchScreen.storyboard in Resources */ = {isa = PBXBuildFile; fileRef = EBEF476523891A68009E30D4 /* LaunchScreen.storyboard */; };
/* End PBXBuildFile section */

/* Begin PBXFileReference section */
		B1A4ED57105CDBA313ADC142 /* Pods-MMAAPP.debug.xcconfig */ = {isa = PBXFileReference; includeInIndex = 1; lastKnownFileType = text.xcconfig; name = "Pods-MMAAPP.debug.xcconfig"; path = "Target Support Files/Pods-MMAAPP/Pods-MMAAPP.debug.xcconfig"; sourceTree = "<group>"; };
		D1F58287A09C5DF8DC8BE95C /* Pods_MMAAPP.framework */ = {isa = PBXFileReference; explicitFileType = wrapper.framework; includeInIndex = 0; path = Pods_MMAAPP.framework; sourceTree = BUILT_PRODUCTS_DIR; };
		E954E5D1195631D18F08C67A /* Pods-MMAAPP.release.xcconfig */ = {isa = PBXFileReference; includeInIndex = 1; lastKnownFileType = text.xcconfig; name = "Pods-MMAAPP.release.xcconfig"; path = "Target Support Files/Pods-MMAAPP/Pods-MMAAPP.release.xcconfig"; sourceTree = "<group>"; };
		EB092DEE23894B5E000F5B27 /* bangkok.gpx */ = {isa = PBXFileReference; fileEncoding = 4; lastKnownFileType = text.xml; path = bangkok.gpx; sourceTree = "<group>"; };
		EB8B1E7C23892B3C002EBF8F /* MapViewController.swift */ = {isa = PBXFileReference; fileEncoding = 4; lastKnownFileType = sourcecode.swift; path = MapViewController.swift; sourceTree = "<group>"; };
		EB8B1E7E23892B63002EBF8F /* StreetViewController.swift */ = {isa = PBXFileReference; lastKnownFileType = sourcecode.swift; path = StreetViewController.swift; sourceTree = "<group>"; };
		EB8B1E8023893692002EBF8F /* AppleMapViewController.swift */ = {isa = PBXFileReference; lastKnownFileType = sourcecode.swift; path = AppleMapViewController.swift; sourceTree = "<group>"; };
		EB8B1E82238937C0002EBF8F /* SampleLocaiton.swift */ = {isa = PBXFileReference; lastKnownFileType = sourcecode.swift; path = SampleLocaiton.swift; sourceTree = "<group>"; };
		EB8B1E8723893D71002EBF8F /* InfoView.swift */ = {isa = PBXFileReference; lastKnownFileType = sourcecode.swift; path = InfoView.swift; sourceTree = "<group>"; };
		EB8B1E8923893D86002EBF8F /* InfoView.xib */ = {isa = PBXFileReference; lastKnownFileType = file.xib; path = InfoView.xib; sourceTree = "<group>"; };
		EB8B1E8B238944DA002EBF8F /* LocationManager.swift */ = {isa = PBXFileReference; lastKnownFileType = sourcecode.swift; path = LocationManager.swift; sourceTree = "<group>"; };
		EBEF475723891A63009E30D4 /* MMAAPP.app */ = {isa = PBXFileReference; explicitFileType = wrapper.application; includeInIndex = 0; path = MMAAPP.app; sourceTree = BUILT_PRODUCTS_DIR; };
		EBEF475A23891A63009E30D4 /* AppDelegate.swift */ = {isa = PBXFileReference; lastKnownFileType = sourcecode.swift; path = AppDelegate.swift; sourceTree = "<group>"; };
		EBEF475C23891A63009E30D4 /* SceneDelegate.swift */ = {isa = PBXFileReference; lastKnownFileType = sourcecode.swift; path = SceneDelegate.swift; sourceTree = "<group>"; };
		EBEF476123891A63009E30D4 /* Base */ = {isa = PBXFileReference; lastKnownFileType = file.storyboard; name = Base; path = Base.lproj/Main.storyboard; sourceTree = "<group>"; };
		EBEF476323891A68009E30D4 /* Assets.xcassets */ = {isa = PBXFileReference; lastKnownFileType = folder.assetcatalog; path = Assets.xcassets; sourceTree = "<group>"; };
		EBEF476623891A68009E30D4 /* Base */ = {isa = PBXFileReference; lastKnownFileType = file.storyboard; name = Base; path = Base.lproj/LaunchScreen.storyboard; sourceTree = "<group>"; };
		EBEF476823891A68009E30D4 /* Info.plist */ = {isa = PBXFileReference; lastKnownFileType = text.plist.xml; path = Info.plist; sourceTree = "<group>"; };
/* End PBXFileReference section */

/* Begin PBXFrameworksBuildPhase section */
		EBEF475423891A63009E30D4 /* Frameworks */ = {
			isa = PBXFrameworksBuildPhase;
			buildActionMask = 2147483647;
			files = (
				2CD93111B84D8A111CE59E6C /* Pods_MMAAPP.framework in Frameworks */,
			);
			runOnlyForDeploymentPostprocessing = 0;
		};
/* End PBXFrameworksBuildPhase section */

/* Begin PBXGroup section */
		9363263461A33BDF3AE29608 /* Pods */ = {
			isa = PBXGroup;
			children = (
				B1A4ED57105CDBA313ADC142 /* Pods-MMAAPP.debug.xcconfig */,
				E954E5D1195631D18F08C67A /* Pods-MMAAPP.release.xcconfig */,
			);
			path = Pods;
			sourceTree = "<group>";
		};
		9C8E93348D4AA6428CE48DEA /* Frameworks */ = {
			isa = PBXGroup;
			children = (
				D1F58287A09C5DF8DC8BE95C /* Pods_MMAAPP.framework */,
			);
			name = Frameworks;
			sourceTree = "<group>";
		};
		EB8B1E8623893D51002EBF8F /* View */ = {
			isa = PBXGroup;
			children = (
				EB8B1E8723893D71002EBF8F /* InfoView.swift */,
				EB8B1E8923893D86002EBF8F /* InfoView.xib */,
			);
			path = View;
			sourceTree = "<group>";
		};
		EBEF474E23891A63009E30D4 = {
			isa = PBXGroup;
			children = (
				EBEF475923891A63009E30D4 /* MMAAPP */,
				EBEF475823891A63009E30D4 /* Products */,
				9363263461A33BDF3AE29608 /* Pods */,
				9C8E93348D4AA6428CE48DEA /* Frameworks */,
			);
			sourceTree = "<group>";
		};
		EBEF475823891A63009E30D4 /* Products */ = {
			isa = PBXGroup;
			children = (
				EBEF475723891A63009E30D4 /* MMAAPP.app */,
			);
			name = Products;
			sourceTree = "<group>";
		};
		EBEF475923891A63009E30D4 /* MMAAPP */ = {
			isa = PBXGroup;
			children = (
				EB092DEE23894B5E000F5B27 /* bangkok.gpx */,
				EB8B1E8623893D51002EBF8F /* View */,
				EBEF475A23891A63009E30D4 /* AppDelegate.swift */,
				EB8B1E8B238944DA002EBF8F /* LocationManager.swift */,
				EBEF475C23891A63009E30D4 /* SceneDelegate.swift */,
				EB8B1E82238937C0002EBF8F /* SampleLocaiton.swift */,
				EB8B1E7C23892B3C002EBF8F /* MapViewController.swift */,
				EB8B1E7E23892B63002EBF8F /* StreetViewController.swift */,
				EB8B1E8023893692002EBF8F /* AppleMapViewController.swift */,
				EBEF476023891A63009E30D4 /* Main.storyboard */,
				EBEF476323891A68009E30D4 /* Assets.xcassets */,
				EBEF476523891A68009E30D4 /* LaunchScreen.storyboard */,
				EBEF476823891A68009E30D4 /* Info.plist */,
			);
			path = MMAAPP;
			sourceTree = "<group>";
		};
/* End PBXGroup section */

/* Begin PBXNativeTarget section */
		EBEF475623891A63009E30D4 /* MMAAPP */ = {
			isa = PBXNativeTarget;
			buildConfigurationList = EBEF476B23891A68009E30D4 /* Build configuration list for PBXNativeTarget "MMAAPP" */;
			buildPhases = (
				456D2B3E334D66A5717EEB02 /* [CP] Check Pods Manifest.lock */,
				EBEF475323891A63009E30D4 /* Sources */,
				EBEF475423891A63009E30D4 /* Frameworks */,
				EBEF475523891A63009E30D4 /* Resources */,
				35C05832630B755148DC842C /* [CP] Copy Pods Resources */,
			);
			buildRules = (
			);
			dependencies = (
			);
			name = MMAAPP;
			productName = MMAAPP;
			productReference = EBEF475723891A63009E30D4 /* MMAAPP.app */;
			productType = "com.apple.product-type.application";
		};
/* End PBXNativeTarget section */

/* Begin PBXProject section */
		EBEF474F23891A63009E30D4 /* Project object */ = {
			isa = PBXProject;
			attributes = {
				LastSwiftUpdateCheck = 1110;
				LastUpgradeCheck = 1110;
				ORGANIZATIONNAME = "Guy Auttapon";
				TargetAttributes = {
					EBEF475623891A63009E30D4 = {
						CreatedOnToolsVersion = 11.1;
					};
				};
			};
			buildConfigurationList = EBEF475223891A63009E30D4 /* Build configuration list for PBXProject "MMAAPP" */;
			compatibilityVersion = "Xcode 9.3";
			developmentRegion = en;
			hasScannedForEncodings = 0;
			knownRegions = (
				en,
				Base,
			);
			mainGroup = EBEF474E23891A63009E30D4;
			productRefGroup = EBEF475823891A63009E30D4 /* Products */;
			projectDirPath = "";
			projectRoot = "";
			targets = (
				EBEF475623891A63009E30D4 /* MMAAPP */,
			);
		};
/* End PBXProject section */

/* Begin PBXResourcesBuildPhase section */
		EBEF475523891A63009E30D4 /* Resources */ = {
			isa = PBXResourcesBuildPhase;
			buildActionMask = 2147483647;
			files = (
				EB092DEF23894B5E000F5B27 /* bangkok.gpx in Resources */,
				EB8B1E8A23893D86002EBF8F /* InfoView.xib in Resources */,
				EBEF476723891A68009E30D4 /* LaunchScreen.storyboard in Resources */,
				EBEF476423891A68009E30D4 /* Assets.xcassets in Resources */,
				EBEF476223891A63009E30D4 /* Main.storyboard in Resources */,
			);
			runOnlyForDeploymentPostprocessing = 0;
		};
/* End PBXResourcesBuildPhase section */

/* Begin PBXShellScriptBuildPhase section */
		35C05832630B755148DC842C /* [CP] Copy Pods Resources */ = {
			isa = PBXShellScriptBuildPhase;
			buildActionMask = 2147483647;
			files = (
			);
			inputFileListPaths = (
				"${PODS_ROOT}/Target Support Files/Pods-MMAAPP/Pods-MMAAPP-resources-${CONFIGURATION}-input-files.xcfilelist",
			);
			name = "[CP] Copy Pods Resources";
			outputFileListPaths = (
				"${PODS_ROOT}/Target Support Files/Pods-MMAAPP/Pods-MMAAPP-resources-${CONFIGURATION}-output-files.xcfilelist",
			);
			runOnlyForDeploymentPostprocessing = 0;
			shellPath = /bin/sh;
			shellScript = "\"${PODS_ROOT}/Target Support Files/Pods-MMAAPP/Pods-MMAAPP-resources.sh\"\n";
			showEnvVarsInLog = 0;
		};
		456D2B3E334D66A5717EEB02 /* [CP] Check Pods Manifest.lock */ = {
			isa = PBXShellScriptBuildPhase;
			buildActionMask = 2147483647;
			files = (
			);
			inputFileListPaths = (
			);
			inputPaths = (
				"${PODS_PODFILE_DIR_PATH}/Podfile.lock",
				"${PODS_ROOT}/Manifest.lock",
			);
			name = "[CP] Check Pods Manifest.lock";
			outputFileListPaths = (
			);
			outputPaths = (
				"$(DERIVED_FILE_DIR)/Pods-MMAAPP-checkManifestLockResult.txt",
			);
			runOnlyForDeploymentPostprocessing = 0;
			shellPath = /bin/sh;
			shellScript = "diff \"${PODS_PODFILE_DIR_PATH}/Podfile.lock\" \"${PODS_ROOT}/Manifest.lock\" > /dev/null\nif [ $? != 0 ] ; then\n    # print error to STDERR\n    echo \"error: The sandbox is not in sync with the Podfile.lock. Run 'pod install' or update your CocoaPods installation.\" >&2\n    exit 1\nfi\n# This output is used by Xcode 'outputs' to avoid re-running this script phase.\necho \"SUCCESS\" > \"${SCRIPT_OUTPUT_FILE_0}\"\n";
			showEnvVarsInLog = 0;
		};
/* End PBXShellScriptBuildPhase section */

/* Begin PBXSourcesBuildPhase section */
		EBEF475323891A63009E30D4 /* Sources */ = {
			isa = PBXSourcesBuildPhase;
			buildActionMask = 2147483647;
			files = (
				EB8B1E83238937C0002EBF8F /* SampleLocaiton.swift in Sources */,
				EBEF475B23891A63009E30D4 /* AppDelegate.swift in Sources */,
				EB8B1E7D23892B3C002EBF8F /* MapViewController.swift in Sources */,
				EB8B1E8C238944DA002EBF8F /* LocationManager.swift in Sources */,
				EBEF475D23891A63009E30D4 /* SceneDelegate.swift in Sources */,
				EB8B1E8123893692002EBF8F /* AppleMapViewController.swift in Sources */,
				EB8B1E7F23892B63002EBF8F /* StreetViewController.swift in Sources */,
				EB8B1E8823893D71002EBF8F /* InfoView.swift in Sources */,
			);
			runOnlyForDeploymentPostprocessing = 0;
		};
/* End PBXSourcesBuildPhase section */

/* Begin PBXVariantGroup section */
		EBEF476023891A63009E30D4 /* Main.storyboard */ = {
			isa = PBXVariantGroup;
			children = (
				EBEF476123891A63009E30D4 /* Base */,
			);
			name = Main.storyboard;
			sourceTree = "<group>";
		};
		EBEF476523891A68009E30D4 /* LaunchScreen.storyboard */ = {
			isa = PBXVariantGroup;
			children = (
				EBEF476623891A68009E30D4 /* Base */,
			);
			name = LaunchScreen.storyboard;
			sourceTree = "<group>";
		};
/* End PBXVariantGroup section */

/* Begin XCBuildConfiguration section */
		EBEF476923891A68009E30D4 /* Debug */ = {
			isa = XCBuildConfiguration;
			buildSettings = {
				ALWAYS_SEARCH_USER_PATHS = NO;
				CLANG_ANALYZER_NONNULL = YES;
				CLANG_ANALYZER_NUMBER_OBJECT_CONVERSION = YES_AGGRESSIVE;
				CLANG_CXX_LANGUAGE_STANDARD = "gnu++14";
				CLANG_CXX_LIBRARY = "libc++";
				CLANG_ENABLE_MODULES = YES;
				CLANG_ENABLE_OBJC_ARC = YES;
				CLANG_ENABLE_OBJC_WEAK = YES;
				CLANG_WARN_BLOCK_CAPTURE_AUTORELEASING = YES;
				CLANG_WARN_BOOL_CONVERSION = YES;
				CLANG_WARN_COMMA = YES;
				CLANG_WARN_CONSTANT_CONVERSION = YES;
				CLANG_WARN_DEPRECATED_OBJC_IMPLEMENTATIONS = YES;
				CLANG_WARN_DIRECT_OBJC_ISA_USAGE = YES_ERROR;
				CLANG_WARN_DOCUMENTATION_COMMENTS = YES;
				CLANG_WARN_EMPTY_BODY = YES;
				CLANG_WARN_ENUM_CONVERSION = YES;
				CLANG_WARN_INFINITE_RECURSION = YES;
				CLANG_WARN_INT_CONVERSION = YES;
				CLANG_WARN_NON_LITERAL_NULL_CONVERSION = YES;
				CLANG_WARN_OBJC_IMPLICIT_RETAIN_SELF = YES;
				CLANG_WARN_OBJC_LITERAL_CONVERSION = YES;
				CLANG_WARN_OBJC_ROOT_CLASS = YES_ERROR;
				CLANG_WARN_RANGE_LOOP_ANALYSIS = YES;
				CLANG_WARN_STRICT_PROTOTYPES = YES;
				CLANG_WARN_SUSPICIOUS_MOVE = YES;
				CLANG_WARN_UNGUARDED_AVAILABILITY = YES_AGGRESSIVE;
				CLANG_WARN_UNREACHABLE_CODE = YES;
				CLANG_WARN__DUPLICATE_METHOD_MATCH = YES;
				COPY_PHASE_STRIP = NO;
				DEBUG_INFORMATION_FORMAT = dwarf;
				ENABLE_STRICT_OBJC_MSGSEND = YES;
				ENABLE_TESTABILITY = YES;
				GCC_C_LANGUAGE_STANDARD = gnu11;
				GCC_DYNAMIC_NO_PIC = NO;
				GCC_NO_COMMON_BLOCKS = YES;
				GCC_OPTIMIZATION_LEVEL = 0;
				GCC_PREPROCESSOR_DEFINITIONS = (
					"DEBUG=1",
					"$(inherited)",
				);
				GCC_WARN_64_TO_32_BIT_CONVERSION = YES;
				GCC_WARN_ABOUT_RETURN_TYPE = YES_ERROR;
				GCC_WARN_UNDECLARED_SELECTOR = YES;
				GCC_WARN_UNINITIALIZED_AUTOS = YES_AGGRESSIVE;
				GCC_WARN_UNUSED_FUNCTION = YES;
				GCC_WARN_UNUSED_VARIABLE = YES;
				IPHONEOS_DEPLOYMENT_TARGET = 13.1;
				MTL_ENABLE_DEBUG_INFO = INCLUDE_SOURCE;
				MTL_FAST_MATH = YES;
				ONLY_ACTIVE_ARCH = YES;
				SDKROOT = iphoneos;
				SWIFT_ACTIVE_COMPILATION_CONDITIONS = DEBUG;
				SWIFT_OPTIMIZATION_LEVEL = "-Onone";
			};
			name = Debug;
		};
		EBEF476A23891A68009E30D4 /* Release */ = {
			isa = XCBuildConfiguration;
			buildSettings = {
				ALWAYS_SEARCH_USER_PATHS = NO;
				CLANG_ANALYZER_NONNULL = YES;
				CLANG_ANALYZER_NUMBER_OBJECT_CONVERSION = YES_AGGRESSIVE;
				CLANG_CXX_LANGUAGE_STANDARD = "gnu++14";
				CLANG_CXX_LIBRARY = "libc++";
				CLANG_ENABLE_MODULES = YES;
				CLANG_ENABLE_OBJC_ARC = YES;
				CLANG_ENABLE_OBJC_WEAK = YES;
				CLANG_WARN_BLOCK_CAPTURE_AUTORELEASING = YES;
				CLANG_WARN_BOOL_CONVERSION = YES;
				CLANG_WARN_COMMA = YES;
				CLANG_WARN_CONSTANT_CONVERSION = YES;
				CLANG_WARN_DEPRECATED_OBJC_IMPLEMENTATIONS = YES;
				CLANG_WARN_DIRECT_OBJC_ISA_USAGE = YES_ERROR;
				CLANG_WARN_DOCUMENTATION_COMMENTS = YES;
				CLANG_WARN_EMPTY_BODY = YES;
				CLANG_WARN_ENUM_CONVERSION = YES;
				CLANG_WARN_INFINITE_RECURSION = YES;
				CLANG_WARN_INT_CONVERSION = YES;
				CLANG_WARN_NON_LITERAL_NULL_CONVERSION = YES;
				CLANG_WARN_OBJC_IMPLICIT_RETAIN_SELF = YES;
				CLANG_WARN_OBJC_LITERAL_CONVERSION = YES;
				CLANG_WARN_OBJC_ROOT_CLASS = YES_ERROR;
				CLANG_WARN_RANGE_LOOP_ANALYSIS = YES;
				CLANG_WARN_STRICT_PROTOTYPES = YES;
				CLANG_WARN_SUSPICIOUS_MOVE = YES;
				CLANG_WARN_UNGUARDED_AVAILABILITY = YES_AGGRESSIVE;
				CLANG_WARN_UNREACHABLE_CODE = YES;
				CLANG_WARN__DUPLICATE_METHOD_MATCH = YES;
				COPY_PHASE_STRIP = NO;
				DEBUG_INFORMATION_FORMAT = "dwarf-with-dsym";
				ENABLE_NS_ASSERTIONS = NO;
				ENABLE_STRICT_OBJC_MSGSEND = YES;
				GCC_C_LANGUAGE_STANDARD = gnu11;
				GCC_NO_COMMON_BLOCKS = YES;
				GCC_WARN_64_TO_32_BIT_CONVERSION = YES;
				GCC_WARN_ABOUT_RETURN_TYPE = YES_ERROR;
				GCC_WARN_UNDECLARED_SELECTOR = YES;
				GCC_WARN_UNINITIALIZED_AUTOS = YES_AGGRESSIVE;
				GCC_WARN_UNUSED_FUNCTION = YES;
				GCC_WARN_UNUSED_VARIABLE = YES;
				IPHONEOS_DEPLOYMENT_TARGET = 13.1;
				MTL_ENABLE_DEBUG_INFO = NO;
				MTL_FAST_MATH = YES;
				SDKROOT = iphoneos;
				SWIFT_COMPILATION_MODE = wholemodule;
				SWIFT_OPTIMIZATION_LEVEL = "-O";
				VALIDATE_PRODUCT = YES;
			};
			name = Release;
		};
		EBEF476C23891A68009E30D4 /* Debug */ = {
			isa = XCBuildConfiguration;
			baseConfigurationReference = B1A4ED57105CDBA313ADC142 /* Pods-MMAAPP.debug.xcconfig */;
			buildSettings = {
				ASSETCATALOG_COMPILER_APPICON_NAME = AppIcon;
				CODE_SIGN_STYLE = Automatic;
				INFOPLIST_FILE = MMAAPP/Info.plist;
				LD_RUNPATH_SEARCH_PATHS = (
					"$(inherited)",
					"@executable_path/Frameworks",
				);
				PRODUCT_BUNDLE_IDENTIFIER = com.guy.MMAAPP;
				PRODUCT_NAME = "$(TARGET_NAME)";
				SWIFT_VERSION = 5.0;
				TARGETED_DEVICE_FAMILY = "1,2";
			};
			name = Debug;
		};
		EBEF476D23891A68009E30D4 /* Release */ = {
			isa = XCBuildConfiguration;
			baseConfigurationReference = E954E5D1195631D18F08C67A /* Pods-MMAAPP.release.xcconfig */;
			buildSettings = {
				ASSETCATALOG_COMPILER_APPICON_NAME = AppIcon;
				CODE_SIGN_STYLE = Automatic;
				INFOPLIST_FILE = MMAAPP/Info.plist;
				LD_RUNPATH_SEARCH_PATHS = (
					"$(inherited)",
					"@executable_path/Frameworks",
				);
				PRODUCT_BUNDLE_IDENTIFIER = com.guy.MMAAPP;
				PRODUCT_NAME = "$(TARGET_NAME)";
				SWIFT_VERSION = 5.0;
				TARGETED_DEVICE_FAMILY = "1,2";
			};
			name = Release;
		};
/* End XCBuildConfiguration section */

/* Begin XCConfigurationList section */
		EBEF475223891A63009E30D4 /* Build configuration list for PBXProject "MMAAPP" */ = {
			isa = XCConfigurationList;
			buildConfigurations = (
				EBEF476923891A68009E30D4 /* Debug */,
				EBEF476A23891A68009E30D4 /* Release */,
			);
			defaultConfigurationIsVisible = 0;
			defaultConfigurationName = Release;
		};
		EBEF476B23891A68009E30D4 /* Build configuration list for PBXNativeTarget "MMAAPP" */ = {
			isa = XCConfigurationList;
			buildConfigurations = (
				EBEF476C23891A68009E30D4 /* Debug */,
				EBEF476D23891A68009E30D4 /* Release */,
			);
			defaultConfigurationIsVisible = 0;
			defaultConfigurationName = Release;
		};
/* End XCConfigurationList section */
	};
	rootObject = EBEF474F23891A63009E30D4 /* Project object */;
}
